
Microsoft Visual Studio Solution File, Format Version 12.00
# Visual Studio 2013
VisualStudioVersion = 12.0.0.0
MinimumVisualStudioVersion = 10.0.0.1
Project("{F2A71F9B-5D33-465A-A702-920D77279786}") = "SecretSharing", "SecretSharing\SecretSharing.fsproj", "{FC0A2C28-E735-420E-A602-420935826B67}"
EndProject
Project("{F2A71F9B-5D33-465A-A702-920D77279786}") = "SecretSharing.Test", "SecretSharing.Test\SecretSharing.Test.fsproj", "{2CD8EF46-9E96-4B3B-B2B7-0CA3FE536C3C}"
EndProject
Global
	GlobalSection(SolutionConfigurationPlatforms) = preSolution
		Debug|Any CPU = Debug|Any CPU
		Release|Any CPU = Release|Any CPU
	EndGlobalSection
	GlobalSection(ProjectConfigurationPlatforms) = postSolution
		{FC0A2C28-E735-420E-A602-420935826B67}.Debug|Any CPU.ActiveCfg = Debug|Any CPU
		{FC0A2C28-E735-420E-A602-420935826B67}.Debug|Any CPU.Build.0 = Debug|Any CPU
		{FC0A2C28-E735-420E-A602-420935826B67}.Release|Any CPU.ActiveCfg = Release|Any CPU
		{FC0A2C28-E735-420E-A602-420935826B67}.Release|Any CPU.Build.0 = Release|Any CPU
		{2CD8EF46-9E96-4B3B-B2B7-0CA3FE536C3C}.Debug|Any CPU.ActiveCfg = Debug|Any CPU
		{2CD8EF46-9E96-4B3B-B2B7-0CA3FE536C3C}.Debug|Any CPU.Build.0 = Debug|Any CPU
		{2CD8EF46-9E96-4B3B-B2B7-0CA3FE536C3C}.Release|Any CPU.ActiveCfg = Release|Any CPU
		{2CD8EF46-9E96-4B3B-B2B7-0CA3FE536C3C}.Release|Any CPU.Build.0 = Release|Any CPU
	EndGlobalSection
	GlobalSection(SolutionProperties) = preSolution
		HideSolutionNode = FALSE
	EndGlobalSection
EndGlobal
